test1-training-gen:
  cmd: python training-gen.py test1
  deps:
  - path: data/test1
    md5: 5f1f90cb2c87ad0ccb83e85aa7e801b9.dir
  - path: training-gen.py
    md5: 5fbd5def3478667c775a9273e2e5f7fe
  params:
    params.yaml:
      test1.arch: test1
      test1.data:
        rawpath: data/test1
        genpath: data/gen/test1
        write_filter: crop
  outs:
  - path: data/gen/test1
    md5: f4381fe1c647720b8e7ab151fd6ab35e.dir
test1-train:
  cmd: python train-model.py test1
  deps:
  - path: data/gen/test1
    md5: f4381fe1c647720b8e7ab151fd6ab35e.dir
  - path: train-model.py
    md5: 88ba4f9852e6d2c443e2dffc212ecffc
  params:
    params.yaml:
      test1.arch: test1
      test1.training:
        stages:
        - lr: 0.0003
          n: 1
        outpath: cnndata/test1
  outs:
  - path: cnndata/test1
    md5: da778224fe39c2f5f14553fad5854cfe.dir
test1-eval:
  cmd: python evaluate-model.py test1 results/test1.csv metrics/test1.json
  deps:
  - path: cnndata/test1
    md5: da778224fe39c2f5f14553fad5854cfe.dir
  - path: evaluate-model.py
    md5: 32111a8609a2d8ceb2367a25c28f3d47
  outs:
  - path: metrics/test1.json
    md5: 36aca0071826446e7547e081dc91fe01
  - path: results/test1.csv
    md5: 12e58b3b747ea059bf3bcdacf5ffc310
